
Microsoft Visual Studio Solution File, Format Version 12.00
# Visual Studio Version 16
VisualStudioVersion = 16.0.29613.14
MinimumVisualStudioVersion = 10.0.40219.1
Project("{FAE04EC0-301F-11D3-BF4B-00C04F79EFBC}") = "DockerDemoDotnet", "DockerDemoDotnet\DockerDemoDotnet.csproj", "{2CC48731-92E2-4C3F-828C-5F0199BEB114}"
EndProject
Global
	GlobalSection(SolutionConfigurationPlatforms) = preSolution
		Debug|Any CPU = Debug|Any CPU
		Release|Any CPU = Release|Any CPU
	EndGlobalSection
	GlobalSection(ProjectConfigurationPlatforms) = postSolution
		{2CC48731-92E2-4C3F-828C-5F0199BEB114}.Debug|Any CPU.ActiveCfg = Debug|Any CPU
		{2CC48731-92E2-4C3F-828C-5F0199BEB114}.Debug|Any CPU.Build.0 = Debug|Any CPU
		{2CC48731-92E2-4C3F-828C-5F0199BEB114}.Release|Any CPU.ActiveCfg = Release|Any CPU
		{2CC48731-92E2-4C3F-828C-5F0199BEB114}.Release|Any CPU.Build.0 = Release|Any CPU
	EndGlobalSection
	GlobalSection(SolutionProperties) = preSolution
		HideSolutionNode = FALSE
	EndGlobalSection
	GlobalSection(ExtensibilityGlobals) = postSolution
		SolutionGuid = {D43C1BC1-FD5A-46C0-8ED8-E97678057393}
	EndGlobalSection
EndGlobal
